// !$*UTF8*$!
{
	archiveVersion = 1;
	classes = {
	};
	objectVersion = 48;
	objects = {

/* Begin PBXBuildFile section */
		122035BDB4BF460ABCEE4225 /* Pods_BikeFinder.framework in Frameworks */ = {isa = PBXBuildFile; fileRef = 683DD3CBFA468412030E6553 /* Pods_BikeFinder.framework */; };
		DE3CB3EC2005D09C0062429D /* AppDelegate.swift in Sources */ = {isa = PBXBuildFile; fileRef = DE3CB3EB2005D09C0062429D /* AppDelegate.swift */; };
		DE3CB3F12005D09C0062429D /* Main.storyboard in Resources */ = {isa = PBXBuildFile; fileRef = DE3CB3EF2005D09C0062429D /* Main.storyboard */; };
		DE3CB3F32005D09C0062429D /* Assets.xcassets in Resources */ = {isa = PBXBuildFile; fileRef = DE3CB3F22005D09C0062429D /* Assets.xcassets */; };
		DE3CB3F62005D09C0062429D /* LaunchScreen.storyboard in Resources */ = {isa = PBXBuildFile; fileRef = DE3CB3F42005D09C0062429D /* LaunchScreen.storyboard */; };
		DE3CB3FE2005D3560062429D /* CoreLocation.framework in Frameworks */ = {isa = PBXBuildFile; fileRef = DE3CB3FD2005D3560062429D /* CoreLocation.framework */; };
		DE467E9D2029439100EB1583 /* BikeTableViewController.swift in Sources */ = {isa = PBXBuildFile; fileRef = DE467E9C2029439100EB1583 /* BikeTableViewController.swift */; };
		DE467E9F203287E500EB1583 /* TableViewCell.swift in Sources */ = {isa = PBXBuildFile; fileRef = DE467E9E203287E500EB1583 /* TableViewCell.swift */; };
		DE64F05921069ADB00F6907A /* BikeFinder Screenshot 3.png in Resources */ = {isa = PBXBuildFile; fileRef = DE64F05621069ADA00F6907A /* BikeFinder Screenshot 3.png */; };
		DE64F05A21069ADB00F6907A /* BikeFinder Screenshot 2.png in Resources */ = {isa = PBXBuildFile; fileRef = DE64F05721069ADA00F6907A /* BikeFinder Screenshot 2.png */; };
		DE64F05B21069ADB00F6907A /* BikeFinder Screenshot 1.png in Resources */ = {isa = PBXBuildFile; fileRef = DE64F05821069ADB00F6907A /* BikeFinder Screenshot 1.png */; };
		DEB64B24200720BB002D6B70 /* Info.plist in Resources */ = {isa = PBXBuildFile; fileRef = DE3CB3F72005D09C0062429D /* Info.plist */; };
		DEB64B25200720CB002D6B70 /* ViewController.swift in Sources */ = {isa = PBXBuildFile; fileRef = DE3CB3ED2005D09C0062429D /* ViewController.swift */; };
/* End PBXBuildFile section */

/* Begin PBXFileReference section */
		683DD3CBFA468412030E6553 /* Pods_BikeFinder.framework */ = {isa = PBXFileReference; explicitFileType = wrapper.framework; includeInIndex = 0; path = Pods_BikeFinder.framework; sourceTree = BUILT_PRODUCTS_DIR; };
		B0966B31F7A0AB0485C65343 /* Pods-BikeFinder.debug.xcconfig */ = {isa = PBXFileReference; includeInIndex = 1; lastKnownFileType = text.xcconfig; name = "Pods-BikeFinder.debug.xcconfig"; path = "Pods/Target Support Files/Pods-BikeFinder/Pods-BikeFinder.debug.xcconfig"; sourceTree = "<group>"; };
		DE3CB3E82005D09C0062429D /* BikeFinder.app */ = {isa = PBXFileReference; explicitFileType = wrapper.application; includeInIndex = 0; path = BikeFinder.app; sourceTree = BUILT_PRODUCTS_DIR; };
		DE3CB3EB2005D09C0062429D /* AppDelegate.swift */ = {isa = PBXFileReference; lastKnownFileType = sourcecode.swift; path = AppDelegate.swift; sourceTree = "<group>"; };
		DE3CB3ED2005D09C0062429D /* ViewController.swift */ = {isa = PBXFileReference; lastKnownFileType = sourcecode.swift; path = ViewController.swift; sourceTree = "<group>"; };
		DE3CB3F02005D09C0062429D /* Base */ = {isa = PBXFileReference; lastKnownFileType = file.storyboard; name = Base; path = Base.lproj/Main.storyboard; sourceTree = "<group>"; };
		DE3CB3F22005D09C0062429D /* Assets.xcassets */ = {isa = PBXFileReference; lastKnownFileType = folder.assetcatalog; path = Assets.xcassets; sourceTree = "<group>"; };
		DE3CB3F52005D09C0062429D /* Base */ = {isa = PBXFileReference; lastKnownFileType = file.storyboard; name = Base; path = Base.lproj/LaunchScreen.storyboard; sourceTree = "<group>"; };
		DE3CB3F72005D09C0062429D /* Info.plist */ = {isa = PBXFileReference; lastKnownFileType = text.plist.xml; path = Info.plist; sourceTree = "<group>"; };
		DE3CB3FD2005D3560062429D /* CoreLocation.framework */ = {isa = PBXFileReference; lastKnownFileType = wrapper.framework; name = CoreLocation.framework; path = System/Library/Frameworks/CoreLocation.framework; sourceTree = SDKROOT; };
		DE467E9C2029439100EB1583 /* BikeTableViewController.swift */ = {isa = PBXFileReference; lastKnownFileType = sourcecode.swift; path = BikeTableViewController.swift; sourceTree = "<group>"; };
		DE467E9E203287E500EB1583 /* TableViewCell.swift */ = {isa = PBXFileReference; lastKnownFileType = sourcecode.swift; path = TableViewCell.swift; sourceTree = "<group>"; };
		DE64F05621069ADA00F6907A /* BikeFinder Screenshot 3.png */ = {isa = PBXFileReference; lastKnownFileType = image.png; path = "BikeFinder Screenshot 3.png"; sourceTree = "<group>"; };
		DE64F05721069ADA00F6907A /* BikeFinder Screenshot 2.png */ = {isa = PBXFileReference; lastKnownFileType = image.png; path = "BikeFinder Screenshot 2.png"; sourceTree = "<group>"; };
		DE64F05821069ADB00F6907A /* BikeFinder Screenshot 1.png */ = {isa = PBXFileReference; lastKnownFileType = image.png; path = "BikeFinder Screenshot 1.png"; sourceTree = "<group>"; };
		FB777048FDC7864C9094F95F /* Pods-BikeFinder.release.xcconfig */ = {isa = PBXFileReference; includeInIndex = 1; lastKnownFileType = text.xcconfig; name = "Pods-BikeFinder.release.xcconfig"; path = "Pods/Target Support Files/Pods-BikeFinder/Pods-BikeFinder.release.xcconfig"; sourceTree = "<group>"; };
/* End PBXFileReference section */

/* Begin PBXFrameworksBuildPhase section */
		DE3CB3E52005D09C0062429D /* Frameworks */ = {
			isa = PBXFrameworksBuildPhase;
			buildActionMask = 2147483647;
			files = (
				DE3CB3FE2005D3560062429D /* CoreLocation.framework in Frameworks */,
				122035BDB4BF460ABCEE4225 /* Pods_BikeFinder.framework in Frameworks */,
			);
			runOnlyForDeploymentPostprocessing = 0;
		};
/* End PBXFrameworksBuildPhase section */

/* Begin PBXGroup section */
		1A34721CA7D4AE4D367636B6 /* Pods */ = {
			isa = PBXGroup;
			children = (
				B0966B31F7A0AB0485C65343 /* Pods-BikeFinder.debug.xcconfig */,
				FB777048FDC7864C9094F95F /* Pods-BikeFinder.release.xcconfig */,
			);
			name = Pods;
			sourceTree = "<group>";
		};
		876C07B0F85F62D2E72D0701 /* Frameworks */ = {
			isa = PBXGroup;
			children = (
				DE3CB3FD2005D3560062429D /* CoreLocation.framework */,
				683DD3CBFA468412030E6553 /* Pods_BikeFinder.framework */,
			);
			name = Frameworks;
			sourceTree = "<group>";
		};
		DE3CB3DF2005D09C0062429D = {
			isa = PBXGroup;
			children = (
				DE3CB3EA2005D09C0062429D /* BikeFinder */,
				DE3CB3E92005D09C0062429D /* Products */,
				1A34721CA7D4AE4D367636B6 /* Pods */,
				876C07B0F85F62D2E72D0701 /* Frameworks */,
			);
			sourceTree = "<group>";
		};
		DE3CB3E92005D09C0062429D /* Products */ = {
			isa = PBXGroup;
			children = (
				DE3CB3E82005D09C0062429D /* BikeFinder.app */,
			);
			name = Products;
			sourceTree = "<group>";
		};
		DE3CB3EA2005D09C0062429D /* BikeFinder */ = {
			isa = PBXGroup;
			children = (
				DE3CB3EB2005D09C0062429D /* AppDelegate.swift */,
				DE3CB3ED2005D09C0062429D /* ViewController.swift */,
				DE3CB3EF2005D09C0062429D /* Main.storyboard */,
				DE467E9C2029439100EB1583 /* BikeTableViewController.swift */,
				DE467E9E203287E500EB1583 /* TableViewCell.swift */,
				DE3CB3F22005D09C0062429D /* Assets.xcassets */,
				DE3CB3F42005D09C0062429D /* LaunchScreen.storyboard */,
				DE3CB3F72005D09C0062429D /* Info.plist */,
				DE64F05821069ADB00F6907A /* BikeFinder Screenshot 1.png */,
				DE64F05721069ADA00F6907A /* BikeFinder Screenshot 2.png */,
				DE64F05621069ADA00F6907A /* BikeFinder Screenshot 3.png */,
			);
			path = BikeFinder;
			sourceTree = "<group>";
		};
/* End PBXGroup section */

/* Begin PBXNativeTarget section */
		DE3CB3E72005D09C0062429D /* BikeFinder */ = {
			isa = PBXNativeTarget;
			buildConfigurationList = DE3CB3FA2005D09C0062429D /* Build configuration list for PBXNativeTarget "BikeFinder" */;
			buildPhases = (
				72992A1ED465E3BA27D3F17B /* [CP] Check Pods Manifest.lock */,
				DE3CB3E42005D09C0062429D /* Sources */,
				DE3CB3E52005D09C0062429D /* Frameworks */,
				DE3CB3E62005D09C0062429D /* Resources */,
				0229986ECD28F939231B85BC /* [CP] Embed Pods Frameworks */,
				BDC13790465950B572739955 /* [CP] Copy Pods Resources */,
			);
			buildRules = (
			);
			dependencies = (
			);
			name = BikeFinder;
			productName = BikeFinder;
			productReference = DE3CB3E82005D09C0062429D /* BikeFinder.app */;
			productType = "com.apple.product-type.application";
		};
/* End PBXNativeTarget section */

/* Begin PBXProject section */
		DE3CB3E02005D09C0062429D /* Project object */ = {
			isa = PBXProject;
			attributes = {
				LastSwiftUpdateCheck = 0900;
				LastUpgradeCheck = 0900;
				ORGANIZATIONNAME = "Jack Carter";
				TargetAttributes = {
					DE3CB3E72005D09C0062429D = {
						CreatedOnToolsVersion = 9.0;
						ProvisioningStyle = Automatic;
					};
				};
			};
			buildConfigurationList = DE3CB3E32005D09C0062429D /* Build configuration list for PBXProject "BikeFinder" */;
			compatibilityVersion = "Xcode 8.0";
			developmentRegion = en;
			hasScannedForEncodings = 0;
			knownRegions = (
				en,
				Base,
			);
			mainGroup = DE3CB3DF2005D09C0062429D;
			productRefGroup = DE3CB3E92005D09C0062429D /* Products */;
			projectDirPath = "";
			projectRoot = "";
			targets = (
				DE3CB3E72005D09C0062429D /* BikeFinder */,
			);
		};
/* End PBXProject section */

/* Begin PBXResourcesBuildPhase section */
		DE3CB3E62005D09C0062429D /* Resources */ = {
			isa = PBXResourcesBuildPhase;
			buildActionMask = 2147483647;
			files = (
				DE64F05B21069ADB00F6907A /* BikeFinder Screenshot 1.png in Resources */,
				DE64F05921069ADB00F6907A /* BikeFinder Screenshot 3.png in Resources */,
				DEB64B24200720BB002D6B70 /* Info.plist in Resources */,
				DE3CB3F62005D09C0062429D /* LaunchScreen.storyboard in Resources */,
				DE3CB3F32005D09C0062429D /* Assets.xcassets in Resources */,
				DE3CB3F12005D09C0062429D /* Main.storyboard in Resources */,
				DE64F05A21069ADB00F6907A /* BikeFinder Screenshot 2.png in Resources */,
			);
			runOnlyForDeploymentPostprocessing = 0;
		};
/* End PBXResourcesBuildPhase section */

/* Begin PBXShellScriptBuildPhase section */
		0229986ECD28F939231B85BC /* [CP] Embed Pods Frameworks */ = {
			isa = PBXShellScriptBuildPhase;
			buildActionMask = 2147483647;
			files = (
			);
			inputPaths = (
				"${SRCROOT}/Pods/Target Support Files/Pods-BikeFinder/Pods-BikeFinder-frameworks.sh",
				"${BUILT_PRODUCTS_DIR}/Alamofire/Alamofire.framework",
			);
			name = "[CP] Embed Pods Frameworks";
			outputPaths = (
				"${TARGET_BUILD_DIR}/${FRAMEWORKS_FOLDER_PATH}/Alamofire.framework",
			);
			runOnlyForDeploymentPostprocessing = 0;
			shellPath = /bin/sh;
			shellScript = "\"${SRCROOT}/Pods/Target Support Files/Pods-BikeFinder/Pods-BikeFinder-frameworks.sh\"\n";
			showEnvVarsInLog = 0;
		};
		72992A1ED465E3BA27D3F17B /* [CP] Check Pods Manifest.lock */ = {
			isa = PBXShellScriptBuildPhase;
			buildActionMask = 2147483647;
			files = (
			);
			inputPaths = (
				"${PODS_PODFILE_DIR_PATH}/Podfile.lock",
				"${PODS_ROOT}/Manifest.lock",
			);
			name = "[CP] Check Pods Manifest.lock";
			outputPaths = (
				"$(DERIVED_FILE_DIR)/Pods-BikeFinder-checkManifestLockResult.txt",
			);
			runOnlyForDeploymentPostprocessing = 0;
			shellPath = /bin/sh;
			shellScript = "diff \"${PODS_PODFILE_DIR_PATH}/Podfile.lock\" \"${PODS_ROOT}/Manifest.lock\" > /dev/null\nif [ $? != 0 ] ; then\n    # print error to STDERR\n    echo \"error: The sandbox is not in sync with the Podfile.lock. Run 'pod install' or update your CocoaPods installation.\" >&2\n    exit 1\nfi\n# This output is used by Xcode 'outputs' to avoid re-running this script phase.\necho \"SUCCESS\" > \"${SCRIPT_OUTPUT_FILE_0}\"\n";
			showEnvVarsInLog = 0;
		};
		BDC13790465950B572739955 /* [CP] Copy Pods Resources */ = {
			isa = PBXShellScriptBuildPhase;
			buildActionMask = 2147483647;
			files = (
			);
			inputPaths = (
			);
			name = "[CP] Copy Pods Resources";
			outputPaths = (
			);
			runOnlyForDeploymentPostprocessing = 0;
			shellPath = /bin/sh;
			shellScript = "\"${SRCROOT}/Pods/Target Support Files/Pods-BikeFinder/Pods-BikeFinder-resources.sh\"\n";
			showEnvVarsInLog = 0;
		};
/* End PBXShellScriptBuildPhase section */

/* Begin PBXSourcesBuildPhase section */
		DE3CB3E42005D09C0062429D /* Sources */ = {
			isa = PBXSourcesBuildPhase;
			buildActionMask = 2147483647;
			files = (
				DE467E9D2029439100EB1583 /* BikeTableViewController.swift in Sources */,
				DE467E9F203287E500EB1583 /* TableViewCell.swift in Sources */,
				DEB64B25200720CB002D6B70 /* ViewController.swift in Sources */,
				DE3CB3EC2005D09C0062429D /* AppDelegate.swift in Sources */,
			);
			runOnlyForDeploymentPostprocessing = 0;
		};
/* End PBXSourcesBuildPhase section */

/* Begin PBXVariantGroup section */
		DE3CB3EF2005D09C0062429D /* Main.storyboard */ = {
			isa = PBXVariantGroup;
			children = (
				DE3CB3F02005D09C0062429D /* Base */,
			);
			name = Main.storyboard;
			sourceTree = "<group>";
		};
		DE3CB3F42005D09C0062429D /* LaunchScreen.storyboard */ = {
			isa = PBXVariantGroup;
			children = (
				DE3CB3F52005D09C0062429D /* Base */,
			);
			name = LaunchScreen.storyboard;
			sourceTree = "<group>";
		};
/* End PBXVariantGroup section */

/* Begin XCBuildConfiguration section */
		DE3CB3F82005D09C0062429D /* Debug */ = {
			isa = XCBuildConfiguration;
			buildSettings = {
				ALWAYS_SEARCH_USER_PATHS = NO;
				CLANG_ANALYZER_NONNULL = YES;
				CLANG_ANALYZER_NUMBER_OBJECT_CONVERSION = YES_AGGRESSIVE;
				CLANG_CXX_LANGUAGE_STANDARD = "gnu++14";
				CLANG_CXX_LIBRARY = "libc++";
				CLANG_ENABLE_MODULES = YES;
				CLANG_ENABLE_OBJC_ARC = YES;
				CLANG_WARN_BLOCK_CAPTURE_AUTORELEASING = YES;
				CLANG_WARN_BOOL_CONVERSION = YES;
				CLANG_WARN_COMMA = YES;
				CLANG_WARN_CONSTANT_CONVERSION = YES;
				CLANG_WARN_DIRECT_OBJC_ISA_USAGE = YES_ERROR;
				CLANG_WARN_DOCUMENTATION_COMMENTS = YES;
				CLANG_WARN_EMPTY_BODY = YES;
				CLANG_WARN_ENUM_CONVERSION = YES;
				CLANG_WARN_INFINITE_RECURSION = YES;
				CLANG_WARN_INT_CONVERSION = YES;
				CLANG_WARN_NON_LITERAL_NULL_CONVERSION = YES;
				CLANG_WARN_OBJC_LITERAL_CONVERSION = YES;
				CLANG_WARN_OBJC_ROOT_CLASS = YES_ERROR;
				CLANG_WARN_RANGE_LOOP_ANALYSIS = YES;
				CLANG_WARN_STRICT_PROTOTYPES = YES;
				CLANG_WARN_SUSPICIOUS_MOVE = YES;
				CLANG_WARN_UNGUARDED_AVAILABILITY = YES_AGGRESSIVE;
				CLANG_WARN_UNREACHABLE_CODE = YES;
				CLANG_WARN__DUPLICATE_METHOD_MATCH = YES;
				CODE_SIGN_IDENTITY = "iPhone Developer";
				COPY_PHASE_STRIP = NO;
				DEBUG_INFORMATION_FORMAT = dwarf;
				ENABLE_STRICT_OBJC_MSGSEND = YES;
				ENABLE_TESTABILITY = YES;
				GCC_C_LANGUAGE_STANDARD = gnu11;
				GCC_DYNAMIC_NO_PIC = NO;
				GCC_NO_COMMON_BLOCKS = YES;
				GCC_OPTIMIZATION_LEVEL = 0;
				GCC_PREPROCESSOR_DEFINITIONS = (
					"DEBUG=1",
					"$(inherited)",
				);
				GCC_WARN_64_TO_32_BIT_CONVERSION = YES;
				GCC_WARN_ABOUT_RETURN_TYPE = YES_ERROR;
				GCC_WARN_UNDECLARED_SELECTOR = YES;
				GCC_WARN_UNINITIALIZED_AUTOS = YES_AGGRESSIVE;
				GCC_WARN_UNUSED_FUNCTION = YES;
				GCC_WARN_UNUSED_VARIABLE = YES;
				IPHONEOS_DEPLOYMENT_TARGET = 11.0;
				MTL_ENABLE_DEBUG_INFO = YES;
				ONLY_ACTIVE_ARCH = YES;
				SDKROOT = iphoneos;
				SWIFT_ACTIVE_COMPILATION_CONDITIONS = DEBUG;
				SWIFT_OPTIMIZATION_LEVEL = "-Onone";
			};
			name = Debug;
		};
		DE3CB3F92005D09C0062429D /* Release */ = {
			isa = XCBuildConfiguration;
			buildSettings = {
				ALWAYS_SEARCH_USER_PATHS = NO;
				CLANG_ANALYZER_NONNULL = YES;
				CLANG_ANALYZER_NUMBER_OBJECT_CONVERSION = YES_AGGRESSIVE;
				CLANG_CXX_LANGUAGE_STANDARD = "gnu++14";
				CLANG_CXX_LIBRARY = "libc++";
				CLANG_ENABLE_MODULES = YES;
				CLANG_ENABLE_OBJC_ARC = YES;
				CLANG_WARN_BLOCK_CAPTURE_AUTORELEASING = YES;
				CLANG_WARN_BOOL_CONVERSION = YES;
				CLANG_WARN_COMMA = YES;
				CLANG_WARN_CONSTANT_CONVERSION = YES;
				CLANG_WARN_DIRECT_OBJC_ISA_USAGE = YES_ERROR;
				CLANG_WARN_DOCUMENTATION_COMMENTS = YES;
				CLANG_WARN_EMPTY_BODY = YES;
				CLANG_WARN_ENUM_CONVERSION = YES;
				CLANG_WARN_INFINITE_RECURSION = YES;
				CLANG_WARN_INT_CONVERSION = YES;
				CLANG_WARN_NON_LITERAL_NULL_CONVERSION = YES;
				CLANG_WARN_OBJC_LITERAL_CONVERSION = YES;
				CLANG_WARN_OBJC_ROOT_CLASS = YES_ERROR;
				CLANG_WARN_RANGE_LOOP_ANALYSIS = YES;
				CLANG_WARN_STRICT_PROTOTYPES = YES;
				CLANG_WARN_SUSPICIOUS_MOVE = YES;
				CLANG_WARN_UNGUARDED_AVAILABILITY = YES_AGGRESSIVE;
				CLANG_WARN_UNREACHABLE_CODE = YES;
				CLANG_WARN__DUPLICATE_METHOD_MATCH = YES;
				CODE_SIGN_IDENTITY = "iPhone Developer";
				COPY_PHASE_STRIP = NO;
				DEBUG_INFORMATION_FORMAT = "dwarf-with-dsym";
				ENABLE_NS_ASSERTIONS = NO;
				ENABLE_STRICT_OBJC_MSGSEND = YES;
				GCC_C_LANGUAGE_STANDARD = gnu11;
				GCC_NO_COMMON_BLOCKS = YES;
				GCC_WARN_64_TO_32_BIT_CONVERSION = YES;
				GCC_WARN_ABOUT_RETURN_TYPE = YES_ERROR;
				GCC_WARN_UNDECLARED_SELECTOR = YES;
				GCC_WARN_UNINITIALIZED_AUTOS = YES_AGGRESSIVE;
				GCC_WARN_UNUSED_FUNCTION = YES;
				GCC_WARN_UNUSED_VARIABLE = YES;
				IPHONEOS_DEPLOYMENT_TARGET = 11.0;
				MTL_ENABLE_DEBUG_INFO = NO;
				SDKROOT = iphoneos;
				SWIFT_OPTIMIZATION_LEVEL = "-Owholemodule";
				VALIDATE_PRODUCT = YES;
			};
			name = Release;
		};
		DE3CB3FB2005D09C0062429D /* Debug */ = {
			isa = XCBuildConfiguration;
			baseConfigurationReference = B0966B31F7A0AB0485C65343 /* Pods-BikeFinder.debug.xcconfig */;
			buildSettings = {
				ASSETCATALOG_COMPILER_APPICON_NAME = AppIcon;
				CODE_SIGN_STYLE = Automatic;
				INFOPLIST_FILE = BikeFinder/Info.plist;
				IPHONEOS_DEPLOYMENT_TARGET = 11.2;
				LD_RUNPATH_SEARCH_PATHS = "$(inherited) @executable_path/Frameworks";
				PRODUCT_BUNDLE_IDENTIFIER = JackCarter.BikeFinder;
				PRODUCT_NAME = "$(TARGET_NAME)";
				SWIFT_VERSION = 4.0;
				TARGETED_DEVICE_FAMILY = "1,2";
			};
			name = Debug;
		};
		DE3CB3FC2005D09C0062429D /* Release */ = {
			isa = XCBuildConfiguration;
			baseConfigurationReference = FB777048FDC7864C9094F95F /* Pods-BikeFinder.release.xcconfig */;
			buildSettings = {
				ASSETCATALOG_COMPILER_APPICON_NAME = AppIcon;
				CODE_SIGN_STYLE = Automatic;
				INFOPLIST_FILE = BikeFinder/Info.plist;
				IPHONEOS_DEPLOYMENT_TARGET = 11.2;
				LD_RUNPATH_SEARCH_PATHS = "$(inherited) @executable_path/Frameworks";
				PRODUCT_BUNDLE_IDENTIFIER = JackCarter.BikeFinder;
				PRODUCT_NAME = "$(TARGET_NAME)";
				SWIFT_VERSION = 4.0;
				TARGETED_DEVICE_FAMILY = "1,2";
			};
			name = Release;
		};
/* End XCBuildConfiguration section */

/* Begin XCConfigurationList section */
		DE3CB3E32005D09C0062429D /* Build configuration list for PBXProject "BikeFinder" */ = {
			isa = XCConfigurationList;
			buildConfigurations = (
				DE3CB3F82005D09C0062429D /* Debug */,
				DE3CB3F92005D09C0062429D /* Release */,
			);
			defaultConfigurationIsVisible = 0;
			defaultConfigurationName = Release;
		};
		DE3CB3FA2005D09C0062429D /* Build configuration list for PBXNativeTarget "BikeFinder" */ = {
			isa = XCConfigurationList;
			buildConfigurations = (
				DE3CB3FB2005D09C0062429D /* Debug */,
				DE3CB3FC2005D09C0062429D /* Release */,
			);
			defaultConfigurationIsVisible = 0;
			defaultConfigurationName = Release;
		};
/* End XCConfigurationList section */
	};
	rootObject = DE3CB3E02005D09C0062429D /* Project object */;
}
